// !$*UTF8*$!
{
	archiveVersion = 1;
	classes = {
	};
	objectVersion = 46;
	objects = {

/* Begin PBXBuildFile section */
		1852B43B1D68B0C900006FB0 /* main.m in Sources */ = {isa = PBXBuildFile; fileRef = 1852B43A1D68B0C900006FB0 /* main.m */; };
		1852B4431D68B0DC00006FB0 /* kpCard.m in Sources */ = {isa = PBXBuildFile; fileRef = 1852B4421D68B0DC00006FB0 /* kpCard.m */; };
/* End PBXBuildFile section */

/* Begin PBXCopyFilesBuildPhase section */
		1852B4351D68B0C900006FB0 /* CopyFiles */ = {
			isa = PBXCopyFilesBuildPhase;
			buildActionMask = 2147483647;
			dstPath = /usr/share/man/man1/;
			dstSubfolderSpec = 0;
			files = (
			);
			runOnlyForDeploymentPostprocessing = 1;
		};
/* End PBXCopyFilesBuildPhase section */

/* Begin PBXFileReference section */
		1852B4371D68B0C900006FB0 /* myTestBed */ = {isa = PBXFileReference; explicitFileType = "compiled.mach-o.executable"; includeInIndex = 0; path = myTestBed; sourceTree = BUILT_PRODUCTS_DIR; };
		1852B43A1D68B0C900006FB0 /* main.m */ = {isa = PBXFileReference; lastKnownFileType = sourcecode.c.objc; path = main.m; sourceTree = "<group>"; };
		1852B4411D68B0DC00006FB0 /* kpCard.h */ = {isa = PBXFileReference; fileEncoding = 4; lastKnownFileType = sourcecode.c.h; path = kpCard.h; sourceTree = "<group>"; };
		1852B4421D68B0DC00006FB0 /* kpCard.m */ = {isa = PBXFileReference; fileEncoding = 4; lastKnownFileType = sourcecode.c.objc; path = kpCard.m; sourceTree = "<group>"; };
/* End PBXFileReference section */

/* Begin PBXFrameworksBuildPhase section */
		1852B4341D68B0C900006FB0 /* Frameworks */ = {
			isa = PBXFrameworksBuildPhase;
			buildActionMask = 2147483647;
			files = (
			);
			runOnlyForDeploymentPostprocessing = 0;
		};
/* End PBXFrameworksBuildPhase section */

/* Begin PBXGroup section */
		1852B42E1D68B0C900006FB0 = {
			isa = PBXGroup;
			children = (
				1852B4391D68B0C900006FB0 /* myTestBed */,
				1852B4381D68B0C900006FB0 /* Products */,
			);
			sourceTree = "<group>";
		};
		1852B4381D68B0C900006FB0 /* Products */ = {
			isa = PBXGroup;
			children = (
				1852B4371D68B0C900006FB0 /* myTestBed */,
			);
			name = Products;
			sourceTree = "<group>";
		};
		1852B4391D68B0C900006FB0 /* myTestBed */ = {
			isa = PBXGroup;
			children = (
				1852B43A1D68B0C900006FB0 /* main.m */,
				1852B4411D68B0DC00006FB0 /* kpCard.h */,
				1852B4421D68B0DC00006FB0 /* kpCard.m */,
			);
			path = myTestBed;
			sourceTree = "<group>";
		};
/* End PBXGroup section */

/* Begin PBXNativeTarget section */
		1852B4361D68B0C900006FB0 /* myTestBed */ = {
			isa = PBXNativeTarget;
			buildConfigurationList = 1852B43E1D68B0C900006FB0 /* Build configuration list for PBXNativeTarget "myTestBed" */;
			buildPhases = (
				1852B4331D68B0C900006FB0 /* Sources */,
				1852B4341D68B0C900006FB0 /* Frameworks */,
				1852B4351D68B0C900006FB0 /* CopyFiles */,
			);
			buildRules = (
			);
			dependencies = (
			);
			name = myTestBed;
			productName = myTestBed;
			productReference = 1852B4371D68B0C900006FB0 /* myTestBed */;
			productType = "com.apple.product-type.tool";
		};
/* End PBXNativeTarget section */

/* Begin PBXProject section */
		1852B42F1D68B0C900006FB0 /* Project object */ = {
			isa = PBXProject;
			attributes = {
				LastUpgradeCheck = 0730;
				ORGANIZATIONNAME = StepWiseDesigns;
				TargetAttributes = {
					1852B4361D68B0C900006FB0 = {
						CreatedOnToolsVersion = 7.3.1;
					};
				};
			};
			buildConfigurationList = 1852B4321D68B0C900006FB0 /* Build configuration list for PBXProject "myTestBed" */;
			compatibilityVersion = "Xcode 3.2";
			developmentRegion = English;
			hasScannedForEncodings = 0;
			knownRegions = (
				en,
			);
			mainGroup = 1852B42E1D68B0C900006FB0;
			productRefGroup = 1852B4381D68B0C900006FB0 /* Products */;
			projectDirPath = "";
			projectRoot = "";
			targets = (
				1852B4361D68B0C900006FB0 /* myTestBed */,
			);
		};
/* End PBXProject section */

/* Begin PBXSourcesBuildPhase section */
		1852B4331D68B0C900006FB0 /* Sources */ = {
			isa = PBXSourcesBuildPhase;
			buildActionMask = 2147483647;
			files = (
				1852B4431D68B0DC00006FB0 /* kpCard.m in Sources */,
				1852B43B1D68B0C900006FB0 /* main.m in Sources */,
			);
			runOnlyForDeploymentPostprocessing = 0;
		};
/* End PBXSourcesBuildPhase section */

/* Begin XCBuildConfiguration section */
		1852B43C1D68B0C900006FB0 /* Debug */ = {
			isa = XCBuildConfiguration;
			buildSettings = {
				ALWAYS_SEARCH_USER_PATHS = NO;
				CLANG_ANALYZER_NONNULL = YES;
				CLANG_CXX_LANGUAGE_STANDARD = "gnu++0x";
				CLANG_CXX_LIBRARY = "libc++";
				CLANG_ENABLE_MODULES = YES;
				CLANG_ENABLE_OBJC_ARC = YES;
				CLANG_WARN_BOOL_CONVERSION = YES;
				CLANG_WARN_CONSTANT_CONVERSION = YES;
				CLANG_WARN_DIRECT_OBJC_ISA_USAGE = YES_ERROR;
				CLANG_WARN_EMPTY_BODY = YES;
				CLANG_WARN_ENUM_CONVERSION = YES;
				CLANG_WARN_INT_CONVERSION = YES;
				CLANG_WARN_OBJC_ROOT_CLASS = YES_ERROR;
				CLANG_WARN_UNREACHABLE_CODE = YES;
				CLANG_WARN__DUPLICATE_METHOD_MATCH = YES;
				CODE_SIGN_IDENTITY = "-";
				COPY_PHASE_STRIP = NO;
				DEBUG_INFORMATION_FORMAT = dwarf;
				ENABLE_STRICT_OBJC_MSGSEND = YES;
				ENABLE_TESTABILITY = YES;
				GCC_C_LANGUAGE_STANDARD = gnu99;
				GCC_DYNAMIC_NO_PIC = NO;
				GCC_NO_COMMON_BLOCKS = YES;
				GCC_OPTIMIZATION_LEVEL = 0;
				GCC_PREPROCESSOR_DEFINITIONS = (
					"DEBUG=1",
					"$(inherited)",
				);
				GCC_WARN_64_TO_32_BIT_CONVERSION = YES;
				GCC_WARN_ABOUT_RETURN_TYPE = YES_ERROR;
				GCC_WARN_UNDECLARED_SELECTOR = YES;
				GCC_WARN_UNINITIALIZED_AUTOS = YES_AGGRESSIVE;
				GCC_WARN_UNUSED_FUNCTION = YES;
				GCC_WARN_UNUSED_VARIABLE = YES;
				MACOSX_DEPLOYMENT_TARGET = 10.11;
				MTL_ENABLE_DEBUG_INFO = YES;
				ONLY_ACTIVE_ARCH = YES;
				SDKROOT = macosx;
			};
			name = Debug;
		};
		1852B43D1D68B0C900006FB0 /* Release */ = {
			isa = XCBuildConfiguration;
			buildSettings = {
				ALWAYS_SEARCH_USER_PATHS = NO;
				CLANG_ANALYZER_NONNULL = YES;
				CLANG_CXX_LANGUAGE_STANDARD = "gnu++0x";
				CLANG_CXX_LIBRARY = "libc++";
				CLANG_ENABLE_MODULES = YES;
				CLANG_ENABLE_OBJC_ARC = YES;
				CLANG_WARN_BOOL_CONVERSION = YES;
				CLANG_WARN_CONSTANT_CONVERSION = YES;
				CLANG_WARN_DIRECT_OBJC_ISA_USAGE = YES_ERROR;
				CLANG_WARN_EMPTY_BODY = YES;
				CLANG_WARN_ENUM_CONVERSION = YES;
				CLANG_WARN_INT_CONVERSION = YES;
				CLANG_WARN_OBJC_ROOT_CLASS = YES_ERROR;
				CLANG_WARN_UNREACHABLE_CODE = YES;
				CLANG_WARN__DUPLICATE_METHOD_MATCH = YES;
				CODE_SIGN_IDENTITY = "-";
				COPY_PHASE_STRIP = NO;
				DEBUG_INFORMATION_FORMAT = "dwarf-with-dsym";
				ENABLE_NS_ASSERTIONS = NO;
				ENABLE_STRICT_OBJC_MSGSEND = YES;
				GCC_C_LANGUAGE_STANDARD = gnu99;
				GCC_NO_COMMON_BLOCKS = YES;
				GCC_WARN_64_TO_32_BIT_CONVERSION = YES;
				GCC_WARN_ABOUT_RETURN_TYPE = YES_ERROR;
				GCC_WARN_UNDECLARED_SELECTOR = YES;
				GCC_WARN_UNINITIALIZED_AUTOS = YES_AGGRESSIVE;
				GCC_WARN_UNUSED_FUNCTION = YES;
				GCC_WARN_UNUSED_VARIABLE = YES;
				MACOSX_DEPLOYMENT_TARGET = 10.11;
				MTL_ENABLE_DEBUG_INFO = NO;
				SDKROOT = macosx;
			};
			name = Release;
		};
		1852B43F1D68B0C900006FB0 /* Debug */ = {
			isa = XCBuildConfiguration;
			buildSettings = {
				PRODUCT_NAME = "$(TARGET_NAME)";
			};
			name = Debug;
		};
		1852B4401D68B0C900006FB0 /* Release */ = {
			isa = XCBuildConfiguration;
			buildSettings = {
				PRODUCT_NAME = "$(TARGET_NAME)";
			};
			name = Release;
		};
/* End XCBuildConfiguration section */

/* Begin XCConfigurationList section */
		1852B4321D68B0C900006FB0 /* Build configuration list for PBXProject "myTestBed" */ = {
			isa = XCConfigurationList;
			buildConfigurations = (
				1852B43C1D68B0C900006FB0 /* Debug */,
				1852B43D1D68B0C900006FB0 /* Release */,
			);
			defaultConfigurationIsVisible = 0;
			defaultConfigurationName = Release;
		};
		1852B43E1D68B0C900006FB0 /* Build configuration list for PBXNativeTarget "myTestBed" */ = {
			isa = XCConfigurationList;
			buildConfigurations = (
				1852B43F1D68B0C900006FB0 /* Debug */,
				1852B4401D68B0C900006FB0 /* Release */,
			);
			defaultConfigurationIsVisible = 0;
		};
/* End XCConfigurationList section */
	};
	rootObject = 1852B42F1D68B0C900006FB0 /* Project object */;
}
