// !$*UTF8*$!
{
	archiveVersion = 1;
	classes = {
	};
	objectVersion = 46;
	objects = {

/* Begin PBXBuildFile section */
		18DDDF5F1DA03B7D0008B2EA /* main.m in Sources */ = {isa = PBXBuildFile; fileRef = 18DDDF5E1DA03B7D0008B2EA /* main.m */; };
		18DDDF621DA03B7D0008B2EA /* AppDelegate.m in Sources */ = {isa = PBXBuildFile; fileRef = 18DDDF611DA03B7D0008B2EA /* AppDelegate.m */; };
		18DDDF681DA03B7D0008B2EA /* Main.storyboard in Resources */ = {isa = PBXBuildFile; fileRef = 18DDDF661DA03B7D0008B2EA /* Main.storyboard */; };
		18DDDF6A1DA03B7D0008B2EA /* Assets.xcassets in Resources */ = {isa = PBXBuildFile; fileRef = 18DDDF691DA03B7D0008B2EA /* Assets.xcassets */; };
		18DDDF6D1DA03B7D0008B2EA /* LaunchScreen.storyboard in Resources */ = {isa = PBXBuildFile; fileRef = 18DDDF6B1DA03B7D0008B2EA /* LaunchScreen.storyboard */; };
		18DDDF781DA03B7D0008B2EA /* Attributor02Tests.m in Sources */ = {isa = PBXBuildFile; fileRef = 18DDDF771DA03B7D0008B2EA /* Attributor02Tests.m */; };
		18DDDF831DA03B7D0008B2EA /* Attributor02UITests.m in Sources */ = {isa = PBXBuildFile; fileRef = 18DDDF821DA03B7D0008B2EA /* Attributor02UITests.m */; };
		18DDDF921DA03BB50008B2EA /* AttributorViewController02.m in Sources */ = {isa = PBXBuildFile; fileRef = 18DDDF911DA03BB50008B2EA /* AttributorViewController02.m */; };
		18DDDF981DA0C0FD0008B2EA /* TextStatsViewController02.m in Sources */ = {isa = PBXBuildFile; fileRef = 18DDDF971DA0C0FD0008B2EA /* TextStatsViewController02.m */; };
/* End PBXBuildFile section */

/* Begin PBXContainerItemProxy section */
		18DDDF741DA03B7D0008B2EA /* PBXContainerItemProxy */ = {
			isa = PBXContainerItemProxy;
			containerPortal = 18DDDF521DA03B7D0008B2EA /* Project object */;
			proxyType = 1;
			remoteGlobalIDString = 18DDDF591DA03B7D0008B2EA;
			remoteInfo = Attributor02;
		};
		18DDDF7F1DA03B7D0008B2EA /* PBXContainerItemProxy */ = {
			isa = PBXContainerItemProxy;
			containerPortal = 18DDDF521DA03B7D0008B2EA /* Project object */;
			proxyType = 1;
			remoteGlobalIDString = 18DDDF591DA03B7D0008B2EA;
			remoteInfo = Attributor02;
		};
/* End PBXContainerItemProxy section */

/* Begin PBXFileReference section */
		18DDDF5A1DA03B7D0008B2EA /* Attributor02.app */ = {isa = PBXFileReference; explicitFileType = wrapper.application; includeInIndex = 0; path = Attributor02.app; sourceTree = BUILT_PRODUCTS_DIR; };
		18DDDF5E1DA03B7D0008B2EA /* main.m */ = {isa = PBXFileReference; lastKnownFileType = sourcecode.c.objc; path = main.m; sourceTree = "<group>"; };
		18DDDF601DA03B7D0008B2EA /* AppDelegate.h */ = {isa = PBXFileReference; lastKnownFileType = sourcecode.c.h; path = AppDelegate.h; sourceTree = "<group>"; };
		18DDDF611DA03B7D0008B2EA /* AppDelegate.m */ = {isa = PBXFileReference; lastKnownFileType = sourcecode.c.objc; path = AppDelegate.m; sourceTree = "<group>"; };
		18DDDF671DA03B7D0008B2EA /* Base */ = {isa = PBXFileReference; lastKnownFileType = file.storyboard; name = Base; path = Base.lproj/Main.storyboard; sourceTree = "<group>"; };
		18DDDF691DA03B7D0008B2EA /* Assets.xcassets */ = {isa = PBXFileReference; lastKnownFileType = folder.assetcatalog; path = Assets.xcassets; sourceTree = "<group>"; };
		18DDDF6C1DA03B7D0008B2EA /* Base */ = {isa = PBXFileReference; lastKnownFileType = file.storyboard; name = Base; path = Base.lproj/LaunchScreen.storyboard; sourceTree = "<group>"; };
		18DDDF6E1DA03B7D0008B2EA /* Info.plist */ = {isa = PBXFileReference; lastKnownFileType = text.plist.xml; path = Info.plist; sourceTree = "<group>"; };
		18DDDF731DA03B7D0008B2EA /* Attributor02Tests.xctest */ = {isa = PBXFileReference; explicitFileType = wrapper.cfbundle; includeInIndex = 0; path = Attributor02Tests.xctest; sourceTree = BUILT_PRODUCTS_DIR; };
		18DDDF771DA03B7D0008B2EA /* Attributor02Tests.m */ = {isa = PBXFileReference; lastKnownFileType = sourcecode.c.objc; path = Attributor02Tests.m; sourceTree = "<group>"; };
		18DDDF791DA03B7D0008B2EA /* Info.plist */ = {isa = PBXFileReference; lastKnownFileType = text.plist.xml; path = Info.plist; sourceTree = "<group>"; };
		18DDDF7E1DA03B7D0008B2EA /* Attributor02UITests.xctest */ = {isa = PBXFileReference; explicitFileType = wrapper.cfbundle; includeInIndex = 0; path = Attributor02UITests.xctest; sourceTree = BUILT_PRODUCTS_DIR; };
		18DDDF821DA03B7D0008B2EA /* Attributor02UITests.m */ = {isa = PBXFileReference; lastKnownFileType = sourcecode.c.objc; path = Attributor02UITests.m; sourceTree = "<group>"; };
		18DDDF841DA03B7D0008B2EA /* Info.plist */ = {isa = PBXFileReference; lastKnownFileType = text.plist.xml; path = Info.plist; sourceTree = "<group>"; };
		18DDDF901DA03BB50008B2EA /* AttributorViewController02.h */ = {isa = PBXFileReference; fileEncoding = 4; lastKnownFileType = sourcecode.c.h; path = AttributorViewController02.h; sourceTree = "<group>"; };
		18DDDF911DA03BB50008B2EA /* AttributorViewController02.m */ = {isa = PBXFileReference; fileEncoding = 4; lastKnownFileType = sourcecode.c.objc; path = AttributorViewController02.m; sourceTree = "<group>"; };
		18DDDF961DA0C0FD0008B2EA /* TextStatsViewController02.h */ = {isa = PBXFileReference; fileEncoding = 4; lastKnownFileType = sourcecode.c.h; name = TextStatsViewController02.h; path = ../TextStatsViewController02.h; sourceTree = "<group>"; };
		18DDDF971DA0C0FD0008B2EA /* TextStatsViewController02.m */ = {isa = PBXFileReference; fileEncoding = 4; lastKnownFileType = sourcecode.c.objc; name = TextStatsViewController02.m; path = ../TextStatsViewController02.m; sourceTree = "<group>"; };
/* End PBXFileReference section */

/* Begin PBXFrameworksBuildPhase section */
		18DDDF571DA03B7D0008B2EA /* Frameworks */ = {
			isa = PBXFrameworksBuildPhase;
			buildActionMask = 2147483647;
			files = (
			);
			runOnlyForDeploymentPostprocessing = 0;
		};
		18DDDF701DA03B7D0008B2EA /* Frameworks */ = {
			isa = PBXFrameworksBuildPhase;
			buildActionMask = 2147483647;
			files = (
			);
			runOnlyForDeploymentPostprocessing = 0;
		};
		18DDDF7B1DA03B7D0008B2EA /* Frameworks */ = {
			isa = PBXFrameworksBuildPhase;
			buildActionMask = 2147483647;
			files = (
			);
			runOnlyForDeploymentPostprocessing = 0;
		};
/* End PBXFrameworksBuildPhase section */

/* Begin PBXGroup section */
		18DDDF511DA03B7D0008B2EA = {
			isa = PBXGroup;
			children = (
				18DDDF5C1DA03B7D0008B2EA /* Attributor02 */,
				18DDDF761DA03B7D0008B2EA /* Attributor02Tests */,
				18DDDF811DA03B7D0008B2EA /* Attributor02UITests */,
				18DDDF5B1DA03B7D0008B2EA /* Products */,
			);
			sourceTree = "<group>";
		};
		18DDDF5B1DA03B7D0008B2EA /* Products */ = {
			isa = PBXGroup;
			children = (
				18DDDF5A1DA03B7D0008B2EA /* Attributor02.app */,
				18DDDF731DA03B7D0008B2EA /* Attributor02Tests.xctest */,
				18DDDF7E1DA03B7D0008B2EA /* Attributor02UITests.xctest */,
			);
			name = Products;
			sourceTree = "<group>";
		};
		18DDDF5C1DA03B7D0008B2EA /* Attributor02 */ = {
			isa = PBXGroup;
			children = (
				18DDDF961DA0C0FD0008B2EA /* TextStatsViewController02.h */,
				18DDDF971DA0C0FD0008B2EA /* TextStatsViewController02.m */,
				18DDDF901DA03BB50008B2EA /* AttributorViewController02.h */,
				18DDDF911DA03BB50008B2EA /* AttributorViewController02.m */,
				18DDDF601DA03B7D0008B2EA /* AppDelegate.h */,
				18DDDF611DA03B7D0008B2EA /* AppDelegate.m */,
				18DDDF661DA03B7D0008B2EA /* Main.storyboard */,
				18DDDF691DA03B7D0008B2EA /* Assets.xcassets */,
				18DDDF6B1DA03B7D0008B2EA /* LaunchScreen.storyboard */,
				18DDDF6E1DA03B7D0008B2EA /* Info.plist */,
				18DDDF5D1DA03B7D0008B2EA /* Supporting Files */,
			);
			path = Attributor02;
			sourceTree = "<group>";
		};
		18DDDF5D1DA03B7D0008B2EA /* Supporting Files */ = {
			isa = PBXGroup;
			children = (
				18DDDF5E1DA03B7D0008B2EA /* main.m */,
			);
			name = "Supporting Files";
			sourceTree = "<group>";
		};
		18DDDF761DA03B7D0008B2EA /* Attributor02Tests */ = {
			isa = PBXGroup;
			children = (
				18DDDF771DA03B7D0008B2EA /* Attributor02Tests.m */,
				18DDDF791DA03B7D0008B2EA /* Info.plist */,
			);
			path = Attributor02Tests;
			sourceTree = "<group>";
		};
		18DDDF811DA03B7D0008B2EA /* Attributor02UITests */ = {
			isa = PBXGroup;
			children = (
				18DDDF821DA03B7D0008B2EA /* Attributor02UITests.m */,
				18DDDF841DA03B7D0008B2EA /* Info.plist */,
			);
			path = Attributor02UITests;
			sourceTree = "<group>";
		};
/* End PBXGroup section */

/* Begin PBXNativeTarget section */
		18DDDF591DA03B7D0008B2EA /* Attributor02 */ = {
			isa = PBXNativeTarget;
			buildConfigurationList = 18DDDF871DA03B7D0008B2EA /* Build configuration list for PBXNativeTarget "Attributor02" */;
			buildPhases = (
				18DDDF561DA03B7D0008B2EA /* Sources */,
				18DDDF571DA03B7D0008B2EA /* Frameworks */,
				18DDDF581DA03B7D0008B2EA /* Resources */,
			);
			buildRules = (
			);
			dependencies = (
			);
			name = Attributor02;
			productName = Attributor02;
			productReference = 18DDDF5A1DA03B7D0008B2EA /* Attributor02.app */;
			productType = "com.apple.product-type.application";
		};
		18DDDF721DA03B7D0008B2EA /* Attributor02Tests */ = {
			isa = PBXNativeTarget;
			buildConfigurationList = 18DDDF8A1DA03B7D0008B2EA /* Build configuration list for PBXNativeTarget "Attributor02Tests" */;
			buildPhases = (
				18DDDF6F1DA03B7D0008B2EA /* Sources */,
				18DDDF701DA03B7D0008B2EA /* Frameworks */,
				18DDDF711DA03B7D0008B2EA /* Resources */,
			);
			buildRules = (
			);
			dependencies = (
				18DDDF751DA03B7D0008B2EA /* PBXTargetDependency */,
			);
			name = Attributor02Tests;
			productName = Attributor02Tests;
			productReference = 18DDDF731DA03B7D0008B2EA /* Attributor02Tests.xctest */;
			productType = "com.apple.product-type.bundle.unit-test";
		};
		18DDDF7D1DA03B7D0008B2EA /* Attributor02UITests */ = {
			isa = PBXNativeTarget;
			buildConfigurationList = 18DDDF8D1DA03B7D0008B2EA /* Build configuration list for PBXNativeTarget "Attributor02UITests" */;
			buildPhases = (
				18DDDF7A1DA03B7D0008B2EA /* Sources */,
				18DDDF7B1DA03B7D0008B2EA /* Frameworks */,
				18DDDF7C1DA03B7D0008B2EA /* Resources */,
			);
			buildRules = (
			);
			dependencies = (
				18DDDF801DA03B7D0008B2EA /* PBXTargetDependency */,
			);
			name = Attributor02UITests;
			productName = Attributor02UITests;
			productReference = 18DDDF7E1DA03B7D0008B2EA /* Attributor02UITests.xctest */;
			productType = "com.apple.product-type.bundle.ui-testing";
		};
/* End PBXNativeTarget section */

/* Begin PBXProject section */
		18DDDF521DA03B7D0008B2EA /* Project object */ = {
			isa = PBXProject;
			attributes = {
				LastUpgradeCheck = 0730;
				ORGANIZATIONNAME = StepWiseDesigns;
				TargetAttributes = {
					18DDDF591DA03B7D0008B2EA = {
						CreatedOnToolsVersion = 7.3.1;
						DevelopmentTeam = 964YJAP7RZ;
					};
					18DDDF721DA03B7D0008B2EA = {
						CreatedOnToolsVersion = 7.3.1;
						TestTargetID = 18DDDF591DA03B7D0008B2EA;
					};
					18DDDF7D1DA03B7D0008B2EA = {
						CreatedOnToolsVersion = 7.3.1;
						TestTargetID = 18DDDF591DA03B7D0008B2EA;
					};
				};
			};
			buildConfigurationList = 18DDDF551DA03B7D0008B2EA /* Build configuration list for PBXProject "Attributor02" */;
			compatibilityVersion = "Xcode 3.2";
			developmentRegion = English;
			hasScannedForEncodings = 0;
			knownRegions = (
				en,
				Base,
			);
			mainGroup = 18DDDF511DA03B7D0008B2EA;
			productRefGroup = 18DDDF5B1DA03B7D0008B2EA /* Products */;
			projectDirPath = "";
			projectRoot = "";
			targets = (
				18DDDF591DA03B7D0008B2EA /* Attributor02 */,
				18DDDF721DA03B7D0008B2EA /* Attributor02Tests */,
				18DDDF7D1DA03B7D0008B2EA /* Attributor02UITests */,
			);
		};
/* End PBXProject section */

/* Begin PBXResourcesBuildPhase section */
		18DDDF581DA03B7D0008B2EA /* Resources */ = {
			isa = PBXResourcesBuildPhase;
			buildActionMask = 2147483647;
			files = (
				18DDDF6D1DA03B7D0008B2EA /* LaunchScreen.storyboard in Resources */,
				18DDDF6A1DA03B7D0008B2EA /* Assets.xcassets in Resources */,
				18DDDF681DA03B7D0008B2EA /* Main.storyboard in Resources */,
			);
			runOnlyForDeploymentPostprocessing = 0;
		};
		18DDDF711DA03B7D0008B2EA /* Resources */ = {
			isa = PBXResourcesBuildPhase;
			buildActionMask = 2147483647;
			files = (
			);
			runOnlyForDeploymentPostprocessing = 0;
		};
		18DDDF7C1DA03B7D0008B2EA /* Resources */ = {
			isa = PBXResourcesBuildPhase;
			buildActionMask = 2147483647;
			files = (
			);
			runOnlyForDeploymentPostprocessing = 0;
		};
/* End PBXResourcesBuildPhase section */

/* Begin PBXSourcesBuildPhase section */
		18DDDF561DA03B7D0008B2EA /* Sources */ = {
			isa = PBXSourcesBuildPhase;
			buildActionMask = 2147483647;
			files = (
				18DDDF921DA03BB50008B2EA /* AttributorViewController02.m in Sources */,
				18DDDF621DA03B7D0008B2EA /* AppDelegate.m in Sources */,
				18DDDF5F1DA03B7D0008B2EA /* main.m in Sources */,
				18DDDF981DA0C0FD0008B2EA /* TextStatsViewController02.m in Sources */,
			);
			runOnlyForDeploymentPostprocessing = 0;
		};
		18DDDF6F1DA03B7D0008B2EA /* Sources */ = {
			isa = PBXSourcesBuildPhase;
			buildActionMask = 2147483647;
			files = (
				18DDDF781DA03B7D0008B2EA /* Attributor02Tests.m in Sources */,
			);
			runOnlyForDeploymentPostprocessing = 0;
		};
		18DDDF7A1DA03B7D0008B2EA /* Sources */ = {
			isa = PBXSourcesBuildPhase;
			buildActionMask = 2147483647;
			files = (
				18DDDF831DA03B7D0008B2EA /* Attributor02UITests.m in Sources */,
			);
			runOnlyForDeploymentPostprocessing = 0;
		};
/* End PBXSourcesBuildPhase section */

/* Begin PBXTargetDependency section */
		18DDDF751DA03B7D0008B2EA /* PBXTargetDependency */ = {
			isa = PBXTargetDependency;
			target = 18DDDF591DA03B7D0008B2EA /* Attributor02 */;
			targetProxy = 18DDDF741DA03B7D0008B2EA /* PBXContainerItemProxy */;
		};
		18DDDF801DA03B7D0008B2EA /* PBXTargetDependency */ = {
			isa = PBXTargetDependency;
			target = 18DDDF591DA03B7D0008B2EA /* Attributor02 */;
			targetProxy = 18DDDF7F1DA03B7D0008B2EA /* PBXContainerItemProxy */;
		};
/* End PBXTargetDependency section */

/* Begin PBXVariantGroup section */
		18DDDF661DA03B7D0008B2EA /* Main.storyboard */ = {
			isa = PBXVariantGroup;
			children = (
				18DDDF671DA03B7D0008B2EA /* Base */,
			);
			name = Main.storyboard;
			sourceTree = "<group>";
		};
		18DDDF6B1DA03B7D0008B2EA /* LaunchScreen.storyboard */ = {
			isa = PBXVariantGroup;
			children = (
				18DDDF6C1DA03B7D0008B2EA /* Base */,
			);
			name = LaunchScreen.storyboard;
			sourceTree = "<group>";
		};
/* End PBXVariantGroup section */

/* Begin XCBuildConfiguration section */
		18DDDF851DA03B7D0008B2EA /* Debug */ = {
			isa = XCBuildConfiguration;
			buildSettings = {
				ALWAYS_SEARCH_USER_PATHS = NO;
				CLANG_ANALYZER_NONNULL = YES;
				CLANG_CXX_LANGUAGE_STANDARD = "gnu++0x";
				CLANG_CXX_LIBRARY = "libc++";
				CLANG_ENABLE_MODULES = YES;
				CLANG_ENABLE_OBJC_ARC = YES;
				CLANG_WARN_BOOL_CONVERSION = YES;
				CLANG_WARN_CONSTANT_CONVERSION = YES;
				CLANG_WARN_DIRECT_OBJC_ISA_USAGE = YES_ERROR;
				CLANG_WARN_EMPTY_BODY = YES;
				CLANG_WARN_ENUM_CONVERSION = YES;
				CLANG_WARN_INT_CONVERSION = YES;
				CLANG_WARN_OBJC_ROOT_CLASS = YES_ERROR;
				CLANG_WARN_UNREACHABLE_CODE = YES;
				CLANG_WARN__DUPLICATE_METHOD_MATCH = YES;
				"CODE_SIGN_IDENTITY[sdk=iphoneos*]" = "iPhone Developer";
				COPY_PHASE_STRIP = NO;
				DEBUG_INFORMATION_FORMAT = dwarf;
				ENABLE_STRICT_OBJC_MSGSEND = YES;
				ENABLE_TESTABILITY = YES;
				GCC_C_LANGUAGE_STANDARD = gnu99;
				GCC_DYNAMIC_NO_PIC = NO;
				GCC_NO_COMMON_BLOCKS = YES;
				GCC_OPTIMIZATION_LEVEL = 0;
				GCC_PREPROCESSOR_DEFINITIONS = (
					"DEBUG=1",
					"$(inherited)",
				);
				GCC_WARN_64_TO_32_BIT_CONVERSION = YES;
				GCC_WARN_ABOUT_RETURN_TYPE = YES_ERROR;
				GCC_WARN_UNDECLARED_SELECTOR = YES;
				GCC_WARN_UNINITIALIZED_AUTOS = YES_AGGRESSIVE;
				GCC_WARN_UNUSED_FUNCTION = YES;
				GCC_WARN_UNUSED_VARIABLE = YES;
				IPHONEOS_DEPLOYMENT_TARGET = 9.3;
				MTL_ENABLE_DEBUG_INFO = YES;
				ONLY_ACTIVE_ARCH = YES;
				SDKROOT = iphoneos;
				TARGETED_DEVICE_FAMILY = "1,2";
			};
			name = Debug;
		};
		18DDDF861DA03B7D0008B2EA /* Release */ = {
			isa = XCBuildConfiguration;
			buildSettings = {
				ALWAYS_SEARCH_USER_PATHS = NO;
				CLANG_ANALYZER_NONNULL = YES;
				CLANG_CXX_LANGUAGE_STANDARD = "gnu++0x";
				CLANG_CXX_LIBRARY = "libc++";
				CLANG_ENABLE_MODULES = YES;
				CLANG_ENABLE_OBJC_ARC = YES;
				CLANG_WARN_BOOL_CONVERSION = YES;
				CLANG_WARN_CONSTANT_CONVERSION = YES;
				CLANG_WARN_DIRECT_OBJC_ISA_USAGE = YES_ERROR;
				CLANG_WARN_EMPTY_BODY = YES;
				CLANG_WARN_ENUM_CONVERSION = YES;
				CLANG_WARN_INT_CONVERSION = YES;
				CLANG_WARN_OBJC_ROOT_CLASS = YES_ERROR;
				CLANG_WARN_UNREACHABLE_CODE = YES;
				CLANG_WARN__DUPLICATE_METHOD_MATCH = YES;
				"CODE_SIGN_IDENTITY[sdk=iphoneos*]" = "iPhone Developer";
				COPY_PHASE_STRIP = NO;
				DEBUG_INFORMATION_FORMAT = "dwarf-with-dsym";
				ENABLE_NS_ASSERTIONS = NO;
				ENABLE_STRICT_OBJC_MSGSEND = YES;
				GCC_C_LANGUAGE_STANDARD = gnu99;
				GCC_NO_COMMON_BLOCKS = YES;
				GCC_WARN_64_TO_32_BIT_CONVERSION = YES;
				GCC_WARN_ABOUT_RETURN_TYPE = YES_ERROR;
				GCC_WARN_UNDECLARED_SELECTOR = YES;
				GCC_WARN_UNINITIALIZED_AUTOS = YES_AGGRESSIVE;
				GCC_WARN_UNUSED_FUNCTION = YES;
				GCC_WARN_UNUSED_VARIABLE = YES;
				IPHONEOS_DEPLOYMENT_TARGET = 9.3;
				MTL_ENABLE_DEBUG_INFO = NO;
				SDKROOT = iphoneos;
				TARGETED_DEVICE_FAMILY = "1,2";
				VALIDATE_PRODUCT = YES;
			};
			name = Release;
		};
		18DDDF881DA03B7D0008B2EA /* Debug */ = {
			isa = XCBuildConfiguration;
			buildSettings = {
				ASSETCATALOG_COMPILER_APPICON_NAME = AppIcon;
				CODE_SIGN_IDENTITY = "iPhone Developer";
				"CODE_SIGN_IDENTITY[sdk=iphoneos*]" = "iPhone Developer";
				INFOPLIST_FILE = Attributor02/Info.plist;
				LD_RUNPATH_SEARCH_PATHS = "$(inherited) @executable_path/Frameworks";
				PRODUCT_BUNDLE_IDENTIFIER = com.stepwisedesigns.Attributor02;
				PRODUCT_NAME = "$(TARGET_NAME)";
				PROVISIONING_PROFILE = "";
			};
			name = Debug;
		};
		18DDDF891DA03B7D0008B2EA /* Release */ = {
			isa = XCBuildConfiguration;
			buildSettings = {
				ASSETCATALOG_COMPILER_APPICON_NAME = AppIcon;
				CODE_SIGN_IDENTITY = "iPhone Developer";
				"CODE_SIGN_IDENTITY[sdk=iphoneos*]" = "iPhone Developer";
				INFOPLIST_FILE = Attributor02/Info.plist;
				LD_RUNPATH_SEARCH_PATHS = "$(inherited) @executable_path/Frameworks";
				PRODUCT_BUNDLE_IDENTIFIER = com.stepwisedesigns.Attributor02;
				PRODUCT_NAME = "$(TARGET_NAME)";
				PROVISIONING_PROFILE = "";
			};
			name = Release;
		};
		18DDDF8B1DA03B7D0008B2EA /* Debug */ = {
			isa = XCBuildConfiguration;
			buildSettings = {
				BUNDLE_LOADER = "$(TEST_HOST)";
				INFOPLIST_FILE = Attributor02Tests/Info.plist;
				LD_RUNPATH_SEARCH_PATHS = "$(inherited) @executable_path/Frameworks @loader_path/Frameworks";
				PRODUCT_BUNDLE_IDENTIFIER = com.stepwisedesigns.Attributor02Tests;
				PRODUCT_NAME = "$(TARGET_NAME)";
				TEST_HOST = "$(BUILT_PRODUCTS_DIR)/Attributor02.app/Attributor02";
			};
			name = Debug;
		};
		18DDDF8C1DA03B7D0008B2EA /* Release */ = {
			isa = XCBuildConfiguration;
			buildSettings = {
				BUNDLE_LOADER = "$(TEST_HOST)";
				INFOPLIST_FILE = Attributor02Tests/Info.plist;
				LD_RUNPATH_SEARCH_PATHS = "$(inherited) @executable_path/Frameworks @loader_path/Frameworks";
				PRODUCT_BUNDLE_IDENTIFIER = com.stepwisedesigns.Attributor02Tests;
				PRODUCT_NAME = "$(TARGET_NAME)";
				TEST_HOST = "$(BUILT_PRODUCTS_DIR)/Attributor02.app/Attributor02";
			};
			name = Release;
		};
		18DDDF8E1DA03B7D0008B2EA /* Debug */ = {
			isa = XCBuildConfiguration;
			buildSettings = {
				INFOPLIST_FILE = Attributor02UITests/Info.plist;
				LD_RUNPATH_SEARCH_PATHS = "$(inherited) @executable_path/Frameworks @loader_path/Frameworks";
				PRODUCT_BUNDLE_IDENTIFIER = com.stepwisedesigns.Attributor02UITests;
				PRODUCT_NAME = "$(TARGET_NAME)";
				TEST_TARGET_NAME = Attributor02;
			};
			name = Debug;
		};
		18DDDF8F1DA03B7D0008B2EA /* Release */ = {
			isa = XCBuildConfiguration;
			buildSettings = {
				INFOPLIST_FILE = Attributor02UITests/Info.plist;
				LD_RUNPATH_SEARCH_PATHS = "$(inherited) @executable_path/Frameworks @loader_path/Frameworks";
				PRODUCT_BUNDLE_IDENTIFIER = com.stepwisedesigns.Attributor02UITests;
				PRODUCT_NAME = "$(TARGET_NAME)";
				TEST_TARGET_NAME = Attributor02;
			};
			name = Release;
		};
/* End XCBuildConfiguration section */

/* Begin XCConfigurationList section */
		18DDDF551DA03B7D0008B2EA /* Build configuration list for PBXProject "Attributor02" */ = {
			isa = XCConfigurationList;
			buildConfigurations = (
				18DDDF851DA03B7D0008B2EA /* Debug */,
				18DDDF861DA03B7D0008B2EA /* Release */,
			);
			defaultConfigurationIsVisible = 0;
			defaultConfigurationName = Release;
		};
		18DDDF871DA03B7D0008B2EA /* Build configuration list for PBXNativeTarget "Attributor02" */ = {
			isa = XCConfigurationList;
			buildConfigurations = (
				18DDDF881DA03B7D0008B2EA /* Debug */,
				18DDDF891DA03B7D0008B2EA /* Release */,
			);
			defaultConfigurationIsVisible = 0;
		};
		18DDDF8A1DA03B7D0008B2EA /* Build configuration list for PBXNativeTarget "Attributor02Tests" */ = {
			isa = XCConfigurationList;
			buildConfigurations = (
				18DDDF8B1DA03B7D0008B2EA /* Debug */,
				18DDDF8C1DA03B7D0008B2EA /* Release */,
			);
			defaultConfigurationIsVisible = 0;
		};
		18DDDF8D1DA03B7D0008B2EA /* Build configuration list for PBXNativeTarget "Attributor02UITests" */ = {
			isa = XCConfigurationList;
			buildConfigurations = (
				18DDDF8E1DA03B7D0008B2EA /* Debug */,
				18DDDF8F1DA03B7D0008B2EA /* Release */,
			);
			defaultConfigurationIsVisible = 0;
		};
/* End XCConfigurationList section */
	};
	rootObject = 18DDDF521DA03B7D0008B2EA /* Project object */;
}
